
Microsoft Visual Studio Solution File, Format Version 12.00
# Visual Studio Version 17
VisualStudioVersion = 17.2.32630.192
MinimumVisualStudioVersion = 10.0.40219.1
Project("{FAE04EC0-301F-11D3-BF4B-00C04F79EFBC}") = "Atividade1_27_11", "Atividade1_27_11\Atividade1_27_11.csproj", "{C6FB0835-D54D-458F-A2BB-8F55F8D75965}"
EndProject
Global
	GlobalSection(SolutionConfigurationPlatforms) = preSolution
		Debug|Any CPU = Debug|Any CPU
		Release|Any CPU = Release|Any CPU
	EndGlobalSection
	GlobalSection(ProjectConfigurationPlatforms) = postSolution
		{C6FB0835-D54D-458F-A2BB-8F55F8D75965}.Debug|Any CPU.ActiveCfg = Debug|Any CPU
		{C6FB0835-D54D-458F-A2BB-8F55F8D75965}.Debug|Any CPU.Build.0 = Debug|Any CPU
		{C6FB0835-D54D-458F-A2BB-8F55F8D75965}.Release|Any CPU.ActiveCfg = Release|Any CPU
		{C6FB0835-D54D-458F-A2BB-8F55F8D75965}.Release|Any CPU.Build.0 = Release|Any CPU
	EndGlobalSection
	GlobalSection(SolutionProperties) = preSolution
		HideSolutionNode = FALSE
	EndGlobalSection
	GlobalSection(ExtensibilityGlobals) = postSolution
		SolutionGuid = {F0EB4B9E-E01F-4C95-A42A-56016CBB9347}
	EndGlobalSection
EndGlobal
